// !$*UTF8*$!
{
	archiveVersion = 1;
	classes = {
	};
	objectVersion = 56;
	objects = {

/* Begin PBXBuildFile section */
		D00130FF2B9826B90011230E /* Mic_Animation.swift in Sources */ = {isa = PBXBuildFile; fileRef = D00130FE2B9826B90011230E /* Mic_Animation.swift */; };
		D0014D1D2C624C4A00DAA2DF /* RestaurantDetailViewDemo.swift in Sources */ = {isa = PBXBuildFile; fileRef = D0014D1C2C624C4A00DAA2DF /* RestaurantDetailViewDemo.swift */; };
		D02B75AE2B8EFCDC005A2412 /* Animation.swift in Sources */ = {isa = PBXBuildFile; fileRef = D02B75AD2B8EFCDC005A2412 /* Animation.swift */; };
		D02E97DA2B4D15F2006500C1 /* ImageView.swift in Sources */ = {isa = PBXBuildFile; fileRef = D02E97D92B4D15F2006500C1 /* ImageView.swift */; };
		D02E97DC2B4D16B0006500C1 /* LayoutInterface.swift in Sources */ = {isa = PBXBuildFile; fileRef = D02E97DB2B4D16B0006500C1 /* LayoutInterface.swift */; };
		D03A13F72B9586D900CE6DE2 /* MediumLoader.swift in Sources */ = {isa = PBXBuildFile; fileRef = D03A13F62B9586D900CE6DE2 /* MediumLoader.swift */; };
		D03A13FA2B95A25300CE6DE2 /* RoundedRectangleAnimation.swift in Sources */ = {isa = PBXBuildFile; fileRef = D03A13F92B95A25300CE6DE2 /* RoundedRectangleAnimation.swift */; };
		D03B81D02C37E9BE00A68EC9 /* SettingStore.swift in Sources */ = {isa = PBXBuildFile; fileRef = D03B81CF2C37E9BE00A68EC9 /* SettingStore.swift */; };
		D03DCE222BEE43EF00B2C7DE /* Form.swift in Sources */ = {isa = PBXBuildFile; fileRef = D03DCE212BEE43EF00B2C7DE /* Form.swift */; };
		D03DCE242BEE460800B2C7DE /* SettingView.swift in Sources */ = {isa = PBXBuildFile; fileRef = D03DCE232BEE460800B2C7DE /* SettingView.swift */; };
		D049B6AA2BC6569600229295 /* NavigatinStack_Exercise.swift in Sources */ = {isa = PBXBuildFile; fileRef = D049B6A92BC6569600229295 /* NavigatinStack_Exercise.swift */; };
		D049B6AC2BC658C200229295 /* RestaurantDetailView.swift in Sources */ = {isa = PBXBuildFile; fileRef = D049B6AB2BC658C200229295 /* RestaurantDetailView.swift */; };
		D04E99252B9979BD00EF3061 /* Transistion.swift in Sources */ = {isa = PBXBuildFile; fileRef = D04E99242B9979BD00EF3061 /* Transistion.swift */; };
		D04E99272B99804800EF3061 /* AnimationChallenge.swift in Sources */ = {isa = PBXBuildFile; fileRef = D04E99262B99804800EF3061 /* AnimationChallenge.swift */; };
		D061B5552C65FC0100A34991 /* BottomBarMenu.swift in Sources */ = {isa = PBXBuildFile; fileRef = D061B5542C65FC0100A34991 /* BottomBarMenu.swift */; };
		D07640EC2B7A06EC00AC62D5 /* StateManagement.swift in Sources */ = {isa = PBXBuildFile; fileRef = D07640EB2B7A06EC00AC62D5 /* StateManagement.swift */; };
		D07826932B96DE4C00A1C948 /* ProgressIndicator.swift in Sources */ = {isa = PBXBuildFile; fileRef = D07826922B96DE4C00A1C948 /* ProgressIndicator.swift */; };
		D07826952B96E1D300A1C948 /* DealyAnimationWithDot.swift in Sources */ = {isa = PBXBuildFile; fileRef = D07826942B96E1D300A1C948 /* DealyAnimationWithDot.swift */; };
		D087C8E52BA2C4E600503815 /* ListView.swift in Sources */ = {isa = PBXBuildFile; fileRef = D087C8E42BA2C4E600503815 /* ListView.swift */; };
		D091B4142BF726D300096F6D /* SwiftUIFundamentalsUITests.swift in Sources */ = {isa = PBXBuildFile; fileRef = D091B4132BF726D300096F6D /* SwiftUIFundamentalsUITests.swift */; };
		D091B4162BF726D300096F6D /* SwiftUIFundamentalsUITestsLaunchTests.swift in Sources */ = {isa = PBXBuildFile; fileRef = D091B4152BF726D300096F6D /* SwiftUIFundamentalsUITestsLaunchTests.swift */; };
		D09A13F82B89C902005A2DA0 /* Loader.swift in Sources */ = {isa = PBXBuildFile; fileRef = D09A13F72B89C902005A2DA0 /* Loader.swift */; };
		D09A88E42B87AC1400EFB08F /* PathExercise.swift in Sources */ = {isa = PBXBuildFile; fileRef = D09A88E32B87AC1400EFB08F /* PathExercise.swift */; };
		D0A55E0F2C4A36B500A7DE06 /* UserRegisterationModelView.swift in Sources */ = {isa = PBXBuildFile; fileRef = D0A55E0E2C4A36B500A7DE06 /* UserRegisterationModelView.swift */; };
		D0A73ECF2C648CE300C6C60C /* Trip.swift in Sources */ = {isa = PBXBuildFile; fileRef = D0A73ECE2C648CE300C6C60C /* Trip.swift */; };
		D0A73ED12C648E1200C6C60C /* TinderCardView.swift in Sources */ = {isa = PBXBuildFile; fileRef = D0A73ED02C648E1200C6C60C /* TinderCardView.swift */; };
		D0A73ED32C64929E00C6C60C /* TopBarMenu.swift in Sources */ = {isa = PBXBuildFile; fileRef = D0A73ED22C64929E00C6C60C /* TopBarMenu.swift */; };
		D0A73ED52C6494CD00C6C60C /* TinderHome.swift in Sources */ = {isa = PBXBuildFile; fileRef = D0A73ED42C6494CD00C6C60C /* TinderHome.swift */; };
		D0A7B4C52C5B480E00B663CD /* Gesture.swift in Sources */ = {isa = PBXBuildFile; fileRef = D0A7B4C42C5B480E00B663CD /* Gesture.swift */; };
		D0ADF1EC2B81D2EF00699060 /* Paths.swift in Sources */ = {isa = PBXBuildFile; fileRef = D0ADF1EB2B81D2EF00699060 /* Paths.swift */; };
		D0B669302C4E185500ED1F55 /* SwipeDelete.swift in Sources */ = {isa = PBXBuildFile; fileRef = D0B6692F2C4E185500ED1F55 /* SwipeDelete.swift */; };
		D0BA37C82BC4FD810076A343 /* ListView_Exercise.swift in Sources */ = {isa = PBXBuildFile; fileRef = D0BA37C72BC4FD810076A343 /* ListView_Exercise.swift */; };
		D0BA37CA2BC4FFC20076A343 /* ArticleRowView.swift in Sources */ = {isa = PBXBuildFile; fileRef = D0BA37C92BC4FFC20076A343 /* ArticleRowView.swift */; };
		D0C5C09F2C7C837C002E3C34 /* WalletApp.swift in Sources */ = {isa = PBXBuildFile; fileRef = D0C5C09E2C7C837C002E3C34 /* WalletApp.swift */; };
		D0C5C0A12C7C840A002E3C34 /* Card.swift in Sources */ = {isa = PBXBuildFile; fileRef = D0C5C0A02C7C840A002E3C34 /* Card.swift */; };
		D0C5C0A32C7C84DC002E3C34 /* Transaction.swift in Sources */ = {isa = PBXBuildFile; fileRef = D0C5C0A22C7C84DC002E3C34 /* Transaction.swift */; };
		D0C5C0A62C7C8755002E3C34 /* CardLayout.swift in Sources */ = {isa = PBXBuildFile; fileRef = D0C5C0A52C7C8755002E3C34 /* CardLayout.swift */; };
		D0C5C0A82C7C8C69002E3C34 /* TopNavBar.swift in Sources */ = {isa = PBXBuildFile; fileRef = D0C5C0A72C7C8C69002E3C34 /* TopNavBar.swift */; };
		D0C78A952B4674420022FC0A /* SwiftUI_FundamentalsApp.swift in Sources */ = {isa = PBXBuildFile; fileRef = D0C78A942B4674420022FC0A /* SwiftUI_FundamentalsApp.swift */; };
		D0C78A972B4674420022FC0A /* ContentView.swift in Sources */ = {isa = PBXBuildFile; fileRef = D0C78A962B4674420022FC0A /* ContentView.swift */; };
		D0C78A992B4674430022FC0A /* Assets.xcassets in Resources */ = {isa = PBXBuildFile; fileRef = D0C78A982B4674430022FC0A /* Assets.xcassets */; };
		D0C78A9C2B4674430022FC0A /* Preview Assets.xcassets in Resources */ = {isa = PBXBuildFile; fileRef = D0C78A9B2B4674430022FC0A /* Preview Assets.xcassets */; };
		D0D1FA062C4786CD0043C9BB /* RegisterationPage.swift in Sources */ = {isa = PBXBuildFile; fileRef = D0D1FA052C4786CD0043C9BB /* RegisterationPage.swift */; };
		D0D6AF672BD12FF2001CC9EE /* SheetExample.swift in Sources */ = {isa = PBXBuildFile; fileRef = D0D6AF662BD12FF2001CC9EE /* SheetExample.swift */; };
		D0D6AF692BD13303001CC9EE /* ArticleDetailView.swift in Sources */ = {isa = PBXBuildFile; fileRef = D0D6AF682BD13303001CC9EE /* ArticleDetailView.swift */; };
		D0EBA98E2C92A992009B44C1 /* KivaApp.swift in Sources */ = {isa = PBXBuildFile; fileRef = D0EBA98D2C92A992009B44C1 /* KivaApp.swift */; };
		D0EBA9902C92A9C0009B44C1 /* Loan.swift in Sources */ = {isa = PBXBuildFile; fileRef = D0EBA98F2C92A9C0009B44C1 /* Loan.swift */; };
		D0EBA9922C92AAAB009B44C1 /* LoanStore.swift in Sources */ = {isa = PBXBuildFile; fileRef = D0EBA9912C92AAAB009B44C1 /* LoanStore.swift */; };
		D0EBA9952C92AED3009B44C1 /* LoanCellView.swift in Sources */ = {isa = PBXBuildFile; fileRef = D0EBA9942C92AED3009B44C1 /* LoanCellView.swift */; };
		D0EBCDBE2C6095A10045C877 /* BasicBottomSheet.swift in Sources */ = {isa = PBXBuildFile; fileRef = D0EBCDBD2C6095A00045C877 /* BasicBottomSheet.swift */; };
		D0EBCDC02C6097C20045C877 /* BottomSheetDemo.swift in Sources */ = {isa = PBXBuildFile; fileRef = D0EBCDBF2C6097C20045C877 /* BottomSheetDemo.swift */; };
		D0F8A2322B58306C00C138CA /* CardView.swift in Sources */ = {isa = PBXBuildFile; fileRef = D0F8A2312B58306C00C138CA /* CardView.swift */; };
/* End PBXBuildFile section */

/* Begin PBXContainerItemProxy section */
		D091B4172BF726D300096F6D /* PBXContainerItemProxy */ = {
			isa = PBXContainerItemProxy;
			containerPortal = D0C78A892B4674420022FC0A /* Project object */;
			proxyType = 1;
			remoteGlobalIDString = D0C78A902B4674420022FC0A;
			remoteInfo = SwiftUIFundamentals;
		};
/* End PBXContainerItemProxy section */

/* Begin PBXFileReference section */
		D00130FE2B9826B90011230E /* Mic_Animation.swift */ = {isa = PBXFileReference; lastKnownFileType = sourcecode.swift; path = Mic_Animation.swift; sourceTree = "<group>"; };
		D0014D1C2C624C4A00DAA2DF /* RestaurantDetailViewDemo.swift */ = {isa = PBXFileReference; lastKnownFileType = sourcecode.swift; path = RestaurantDetailViewDemo.swift; sourceTree = "<group>"; };
		D02B75AD2B8EFCDC005A2412 /* Animation.swift */ = {isa = PBXFileReference; lastKnownFileType = sourcecode.swift; path = Animation.swift; sourceTree = "<group>"; };
		D02E97D92B4D15F2006500C1 /* ImageView.swift */ = {isa = PBXFileReference; lastKnownFileType = sourcecode.swift; path = ImageView.swift; sourceTree = "<group>"; };
		D02E97DB2B4D16B0006500C1 /* LayoutInterface.swift */ = {isa = PBXFileReference; lastKnownFileType = sourcecode.swift; path = LayoutInterface.swift; sourceTree = "<group>"; };
		D03A13F62B9586D900CE6DE2 /* MediumLoader.swift */ = {isa = PBXFileReference; lastKnownFileType = sourcecode.swift; path = MediumLoader.swift; sourceTree = "<group>"; };
		D03A13F92B95A25300CE6DE2 /* RoundedRectangleAnimation.swift */ = {isa = PBXFileReference; lastKnownFileType = sourcecode.swift; path = RoundedRectangleAnimation.swift; sourceTree = "<group>"; };
		D03B81CF2C37E9BE00A68EC9 /* SettingStore.swift */ = {isa = PBXFileReference; lastKnownFileType = sourcecode.swift; path = SettingStore.swift; sourceTree = "<group>"; };
		D03DCE212BEE43EF00B2C7DE /* Form.swift */ = {isa = PBXFileReference; lastKnownFileType = sourcecode.swift; path = Form.swift; sourceTree = "<group>"; };
		D03DCE232BEE460800B2C7DE /* SettingView.swift */ = {isa = PBXFileReference; lastKnownFileType = sourcecode.swift; path = SettingView.swift; sourceTree = "<group>"; };
		D049B6A92BC6569600229295 /* NavigatinStack_Exercise.swift */ = {isa = PBXFileReference; lastKnownFileType = sourcecode.swift; path = NavigatinStack_Exercise.swift; sourceTree = "<group>"; };
		D049B6AB2BC658C200229295 /* RestaurantDetailView.swift */ = {isa = PBXFileReference; lastKnownFileType = sourcecode.swift; path = RestaurantDetailView.swift; sourceTree = "<group>"; };
		D04E99242B9979BD00EF3061 /* Transistion.swift */ = {isa = PBXFileReference; lastKnownFileType = sourcecode.swift; path = Transistion.swift; sourceTree = "<group>"; };
		D04E99262B99804800EF3061 /* AnimationChallenge.swift */ = {isa = PBXFileReference; lastKnownFileType = sourcecode.swift; path = AnimationChallenge.swift; sourceTree = "<group>"; };
		D061B5542C65FC0100A34991 /* BottomBarMenu.swift */ = {isa = PBXFileReference; lastKnownFileType = sourcecode.swift; path = BottomBarMenu.swift; sourceTree = "<group>"; };
		D07640EB2B7A06EC00AC62D5 /* StateManagement.swift */ = {isa = PBXFileReference; lastKnownFileType = sourcecode.swift; path = StateManagement.swift; sourceTree = "<group>"; };
		D07826922B96DE4C00A1C948 /* ProgressIndicator.swift */ = {isa = PBXFileReference; lastKnownFileType = sourcecode.swift; path = ProgressIndicator.swift; sourceTree = "<group>"; };
		D07826942B96E1D300A1C948 /* DealyAnimationWithDot.swift */ = {isa = PBXFileReference; lastKnownFileType = sourcecode.swift; path = DealyAnimationWithDot.swift; sourceTree = "<group>"; };
		D087C8E42BA2C4E600503815 /* ListView.swift */ = {isa = PBXFileReference; lastKnownFileType = sourcecode.swift; path = ListView.swift; sourceTree = "<group>"; };
		D091B4112BF726D300096F6D /* SwiftUIFundamentalsUITests.xctest */ = {isa = PBXFileReference; explicitFileType = wrapper.cfbundle; includeInIndex = 0; path = SwiftUIFundamentalsUITests.xctest; sourceTree = BUILT_PRODUCTS_DIR; };
		D091B4132BF726D300096F6D /* SwiftUIFundamentalsUITests.swift */ = {isa = PBXFileReference; lastKnownFileType = sourcecode.swift; path = SwiftUIFundamentalsUITests.swift; sourceTree = "<group>"; };
		D091B4152BF726D300096F6D /* SwiftUIFundamentalsUITestsLaunchTests.swift */ = {isa = PBXFileReference; lastKnownFileType = sourcecode.swift; path = SwiftUIFundamentalsUITestsLaunchTests.swift; sourceTree = "<group>"; };
		D09A13F72B89C902005A2DA0 /* Loader.swift */ = {isa = PBXFileReference; lastKnownFileType = sourcecode.swift; path = Loader.swift; sourceTree = "<group>"; };
		D09A88E32B87AC1400EFB08F /* PathExercise.swift */ = {isa = PBXFileReference; lastKnownFileType = sourcecode.swift; path = PathExercise.swift; sourceTree = "<group>"; };
		D0A55E0E2C4A36B500A7DE06 /* UserRegisterationModelView.swift */ = {isa = PBXFileReference; lastKnownFileType = sourcecode.swift; path = UserRegisterationModelView.swift; sourceTree = "<group>"; };
		D0A73ECE2C648CE300C6C60C /* Trip.swift */ = {isa = PBXFileReference; lastKnownFileType = sourcecode.swift; path = Trip.swift; sourceTree = "<group>"; };
		D0A73ED02C648E1200C6C60C /* TinderCardView.swift */ = {isa = PBXFileReference; lastKnownFileType = sourcecode.swift; path = TinderCardView.swift; sourceTree = "<group>"; };
		D0A73ED22C64929E00C6C60C /* TopBarMenu.swift */ = {isa = PBXFileReference; lastKnownFileType = sourcecode.swift; path = TopBarMenu.swift; sourceTree = "<group>"; };
		D0A73ED42C6494CD00C6C60C /* TinderHome.swift */ = {isa = PBXFileReference; lastKnownFileType = sourcecode.swift; path = TinderHome.swift; sourceTree = "<group>"; };
		D0A7B4C42C5B480E00B663CD /* Gesture.swift */ = {isa = PBXFileReference; lastKnownFileType = sourcecode.swift; path = Gesture.swift; sourceTree = "<group>"; };
		D0ADF1EB2B81D2EF00699060 /* Paths.swift */ = {isa = PBXFileReference; lastKnownFileType = sourcecode.swift; path = Paths.swift; sourceTree = "<group>"; };
		D0B6692F2C4E185500ED1F55 /* SwipeDelete.swift */ = {isa = PBXFileReference; lastKnownFileType = sourcecode.swift; path = SwipeDelete.swift; sourceTree = "<group>"; };
		D0BA37C72BC4FD810076A343 /* ListView_Exercise.swift */ = {isa = PBXFileReference; lastKnownFileType = sourcecode.swift; path = ListView_Exercise.swift; sourceTree = "<group>"; };
		D0BA37C92BC4FFC20076A343 /* ArticleRowView.swift */ = {isa = PBXFileReference; lastKnownFileType = sourcecode.swift; path = ArticleRowView.swift; sourceTree = "<group>"; };
		D0C5C09E2C7C837C002E3C34 /* WalletApp.swift */ = {isa = PBXFileReference; lastKnownFileType = sourcecode.swift; path = WalletApp.swift; sourceTree = "<group>"; };
		D0C5C0A02C7C840A002E3C34 /* Card.swift */ = {isa = PBXFileReference; lastKnownFileType = sourcecode.swift; path = Card.swift; sourceTree = "<group>"; };
		D0C5C0A22C7C84DC002E3C34 /* Transaction.swift */ = {isa = PBXFileReference; lastKnownFileType = sourcecode.swift; path = Transaction.swift; sourceTree = "<group>"; };
		D0C5C0A52C7C8755002E3C34 /* CardLayout.swift */ = {isa = PBXFileReference; lastKnownFileType = sourcecode.swift; path = CardLayout.swift; sourceTree = "<group>"; };
		D0C5C0A72C7C8C69002E3C34 /* TopNavBar.swift */ = {isa = PBXFileReference; lastKnownFileType = sourcecode.swift; path = TopNavBar.swift; sourceTree = "<group>"; };
		D0C78A912B4674420022FC0A /* SwiftUIFundamentals.app */ = {isa = PBXFileReference; explicitFileType = wrapper.application; includeInIndex = 0; path = SwiftUIFundamentals.app; sourceTree = BUILT_PRODUCTS_DIR; };
		D0C78A942B4674420022FC0A /* SwiftUI_FundamentalsApp.swift */ = {isa = PBXFileReference; lastKnownFileType = sourcecode.swift; path = SwiftUI_FundamentalsApp.swift; sourceTree = "<group>"; };
		D0C78A962B4674420022FC0A /* ContentView.swift */ = {isa = PBXFileReference; lastKnownFileType = sourcecode.swift; path = ContentView.swift; sourceTree = "<group>"; };
		D0C78A982B4674430022FC0A /* Assets.xcassets */ = {isa = PBXFileReference; lastKnownFileType = folder.assetcatalog; path = Assets.xcassets; sourceTree = "<group>"; };
		D0C78A9B2B4674430022FC0A /* Preview Assets.xcassets */ = {isa = PBXFileReference; lastKnownFileType = folder.assetcatalog; path = "Preview Assets.xcassets"; sourceTree = "<group>"; };
		D0D1FA052C4786CD0043C9BB /* RegisterationPage.swift */ = {isa = PBXFileReference; lastKnownFileType = sourcecode.swift; path = RegisterationPage.swift; sourceTree = "<group>"; };
		D0D6AF662BD12FF2001CC9EE /* SheetExample.swift */ = {isa = PBXFileReference; lastKnownFileType = sourcecode.swift; path = SheetExample.swift; sourceTree = "<group>"; };
		D0D6AF682BD13303001CC9EE /* ArticleDetailView.swift */ = {isa = PBXFileReference; lastKnownFileType = sourcecode.swift; path = ArticleDetailView.swift; sourceTree = "<group>"; };
		D0EBA98D2C92A992009B44C1 /* KivaApp.swift */ = {isa = PBXFileReference; lastKnownFileType = sourcecode.swift; path = KivaApp.swift; sourceTree = "<group>"; };
		D0EBA98F2C92A9C0009B44C1 /* Loan.swift */ = {isa = PBXFileReference; lastKnownFileType = sourcecode.swift; path = Loan.swift; sourceTree = "<group>"; };
		D0EBA9912C92AAAB009B44C1 /* LoanStore.swift */ = {isa = PBXFileReference; lastKnownFileType = sourcecode.swift; path = LoanStore.swift; sourceTree = "<group>"; };
		D0EBA9942C92AED3009B44C1 /* LoanCellView.swift */ = {isa = PBXFileReference; lastKnownFileType = sourcecode.swift; path = LoanCellView.swift; sourceTree = "<group>"; };
		D0EBCDBD2C6095A00045C877 /* BasicBottomSheet.swift */ = {isa = PBXFileReference; lastKnownFileType = sourcecode.swift; path = BasicBottomSheet.swift; sourceTree = "<group>"; };
		D0EBCDBF2C6097C20045C877 /* BottomSheetDemo.swift */ = {isa = PBXFileReference; lastKnownFileType = sourcecode.swift; path = BottomSheetDemo.swift; sourceTree = "<group>"; };
		D0F8A2312B58306C00C138CA /* CardView.swift */ = {isa = PBXFileReference; lastKnownFileType = sourcecode.swift; path = CardView.swift; sourceTree = "<group>"; };
/* End PBXFileReference section */

/* Begin PBXFrameworksBuildPhase section */
		D091B40E2BF726D300096F6D /* Frameworks */ = {
			isa = PBXFrameworksBuildPhase;
			buildActionMask = 2147483647;
			files = (
			);
			runOnlyForDeploymentPostprocessing = 0;
		};
		D0C78A8E2B4674420022FC0A /* Frameworks */ = {
			isa = PBXFrameworksBuildPhase;
			buildActionMask = 2147483647;
			files = (
			);
			runOnlyForDeploymentPostprocessing = 0;
		};
/* End PBXFrameworksBuildPhase section */

/* Begin PBXGroup section */
		D02B75AC2B8EFCC9005A2412 /* Animation */ = {
			isa = PBXGroup;
			children = (
				D02B75AD2B8EFCDC005A2412 /* Animation.swift */,
				D03A13F62B9586D900CE6DE2 /* MediumLoader.swift */,
				D03A13F92B95A25300CE6DE2 /* RoundedRectangleAnimation.swift */,
				D07826922B96DE4C00A1C948 /* ProgressIndicator.swift */,
				D07826942B96E1D300A1C948 /* DealyAnimationWithDot.swift */,
				D00130FE2B9826B90011230E /* Mic_Animation.swift */,
				D04E99242B9979BD00EF3061 /* Transistion.swift */,
				D04E99262B99804800EF3061 /* AnimationChallenge.swift */,
			);
			path = Animation;
			sourceTree = "<group>";
		};
		D03DCE202BEE43DE00B2C7DE /* Form1 */ = {
			isa = PBXGroup;
			children = (
				D03DCE212BEE43EF00B2C7DE /* Form.swift */,
				D03DCE232BEE460800B2C7DE /* SettingView.swift */,
				D03B81CF2C37E9BE00A68EC9 /* SettingStore.swift */,
			);
			path = Form1;
			sourceTree = "<group>";
		};
		D05121862BC6511B00800C30 /* NavigationStack */ = {
			isa = PBXGroup;
			children = (
				D049B6A92BC6569600229295 /* NavigatinStack_Exercise.swift */,
				D049B6AB2BC658C200229295 /* RestaurantDetailView.swift */,
			);
			path = NavigationStack;
			sourceTree = "<group>";
		};
		D087C8E32BA2C4D600503815 /* ListView */ = {
			isa = PBXGroup;
			children = (
				D087C8E42BA2C4E600503815 /* ListView.swift */,
				D0BA37C72BC4FD810076A343 /* ListView_Exercise.swift */,
				D0BA37C92BC4FFC20076A343 /* ArticleRowView.swift */,
				D0D6AF682BD13303001CC9EE /* ArticleDetailView.swift */,
			);
			path = ListView;
			sourceTree = "<group>";
		};
		D091B4122BF726D300096F6D /* SwiftUIFundamentalsUITests */ = {
			isa = PBXGroup;
			children = (
				D091B4132BF726D300096F6D /* SwiftUIFundamentalsUITests.swift */,
				D091B4152BF726D300096F6D /* SwiftUIFundamentalsUITestsLaunchTests.swift */,
			);
			path = SwiftUIFundamentalsUITests;
			sourceTree = "<group>";
		};
		D09A88E22B87ABE900EFB08F /* Excercise */ = {
			isa = PBXGroup;
			children = (
				D09A88E32B87AC1400EFB08F /* PathExercise.swift */,
				D09A13F72B89C902005A2DA0 /* Loader.swift */,
			);
			path = Excercise;
			sourceTree = "<group>";
		};
		D0A73ECD2C648C6D00C6C60C /* Tinder */ = {
			isa = PBXGroup;
			children = (
				D0A73ECE2C648CE300C6C60C /* Trip.swift */,
				D0A73ED02C648E1200C6C60C /* TinderCardView.swift */,
				D0A73ED22C64929E00C6C60C /* TopBarMenu.swift */,
				D0A73ED42C6494CD00C6C60C /* TinderHome.swift */,
				D061B5542C65FC0100A34991 /* BottomBarMenu.swift */,
			);
			path = Tinder;
			sourceTree = "<group>";
		};
		D0A7B4C32C5B47F600B663CD /* SwipeGesture */ = {
			isa = PBXGroup;
			children = (
				D0A7B4C42C5B480E00B663CD /* Gesture.swift */,
			);
			path = SwipeGesture;
			sourceTree = "<group>";
		};
		D0B6692E2C4E184000ED1F55 /* SwipeDelete */ = {
			isa = PBXGroup;
			children = (
				D0B6692F2C4E185500ED1F55 /* SwipeDelete.swift */,
			);
			path = SwipeDelete;
			sourceTree = "<group>";
		};
		D0C5C09D2C7C835F002E3C34 /* WalletApp */ = {
			isa = PBXGroup;
			children = (
				D0C5C0A42C7C873C002E3C34 /* View */,
				D0C5C09E2C7C837C002E3C34 /* WalletApp.swift */,
				D0C5C0A02C7C840A002E3C34 /* Card.swift */,
				D0C5C0A22C7C84DC002E3C34 /* Transaction.swift */,
			);
			path = WalletApp;
			sourceTree = "<group>";
		};
		D0C5C0A42C7C873C002E3C34 /* View */ = {
			isa = PBXGroup;
			children = (
				D0C5C0A52C7C8755002E3C34 /* CardLayout.swift */,
				D0C5C0A72C7C8C69002E3C34 /* TopNavBar.swift */,
			);
			path = View;
			sourceTree = "<group>";
		};
		D0C78A882B4674420022FC0A = {
			isa = PBXGroup;
			children = (
				D0C78A932B4674420022FC0A /* SwiftUI Fundamentals */,
				D091B4122BF726D300096F6D /* SwiftUIFundamentalsUITests */,
				D0C78A922B4674420022FC0A /* Products */,
			);
			sourceTree = "<group>";
		};
		D0C78A922B4674420022FC0A /* Products */ = {
			isa = PBXGroup;
			children = (
				D0C78A912B4674420022FC0A /* SwiftUIFundamentals.app */,
				D091B4112BF726D300096F6D /* SwiftUIFundamentalsUITests.xctest */,
			);
			name = Products;
			sourceTree = "<group>";
		};
		D0C78A932B4674420022FC0A /* SwiftUI Fundamentals */ = {
			isa = PBXGroup;
			children = (
				D0EBA98C2C92A91B009B44C1 /* JSONDecoder */,
				D0C5C09D2C7C835F002E3C34 /* WalletApp */,
				D0A73ECD2C648C6D00C6C60C /* Tinder */,
				D0EBCDBC2C6095720045C877 /* PresentationDetents */,
				D0A7B4C32C5B47F600B663CD /* SwipeGesture */,
				D0B6692E2C4E184000ED1F55 /* SwipeDelete */,
				D0D1FA022C47866E0043C9BB /* RegisterationPage */,
				D03DCE202BEE43DE00B2C7DE /* Form1 */,
				D0D6AF652BD12FCD001CC9EE /* Sheets */,
				D05121862BC6511B00800C30 /* NavigationStack */,
				D087C8E32BA2C4D600503815 /* ListView */,
				D02B75AC2B8EFCC9005A2412 /* Animation */,
				D09A88E22B87ABE900EFB08F /* Excercise */,
				D0C78A942B4674420022FC0A /* SwiftUI_FundamentalsApp.swift */,
				D0C78A962B4674420022FC0A /* ContentView.swift */,
				D02E97D92B4D15F2006500C1 /* ImageView.swift */,
				D07640EB2B7A06EC00AC62D5 /* StateManagement.swift */,
				D0C78A982B4674430022FC0A /* Assets.xcassets */,
				D0C78A9A2B4674430022FC0A /* Preview Content */,
				D02E97DB2B4D16B0006500C1 /* LayoutInterface.swift */,
				D0F8A2312B58306C00C138CA /* CardView.swift */,
				D0ADF1EB2B81D2EF00699060 /* Paths.swift */,
			);
			path = "SwiftUI Fundamentals";
			sourceTree = "<group>";
		};
		D0C78A9A2B4674430022FC0A /* Preview Content */ = {
			isa = PBXGroup;
			children = (
				D0C78A9B2B4674430022FC0A /* Preview Assets.xcassets */,
			);
			path = "Preview Content";
			sourceTree = "<group>";
		};
		D0D1FA022C47866E0043C9BB /* RegisterationPage */ = {
			isa = PBXGroup;
			children = (
				D0D1FA052C4786CD0043C9BB /* RegisterationPage.swift */,
				D0A55E0E2C4A36B500A7DE06 /* UserRegisterationModelView.swift */,
			);
			path = RegisterationPage;
			sourceTree = "<group>";
		};
		D0D6AF652BD12FCD001CC9EE /* Sheets */ = {
			isa = PBXGroup;
			children = (
				D0D6AF662BD12FF2001CC9EE /* SheetExample.swift */,
			);
			path = Sheets;
			sourceTree = "<group>";
		};
		D0EBA98C2C92A91B009B44C1 /* JSONDecoder */ = {
			isa = PBXGroup;
			children = (
				D0EBA9932C92AEC4009B44C1 /* Cell */,
				D0EBA98D2C92A992009B44C1 /* KivaApp.swift */,
				D0EBA98F2C92A9C0009B44C1 /* Loan.swift */,
				D0EBA9912C92AAAB009B44C1 /* LoanStore.swift */,
			);
			path = JSONDecoder;
			sourceTree = "<group>";
		};
		D0EBA9932C92AEC4009B44C1 /* Cell */ = {
			isa = PBXGroup;
			children = (
				D0EBA9942C92AED3009B44C1 /* LoanCellView.swift */,
			);
			path = Cell;
			sourceTree = "<group>";
		};
		D0EBCDBC2C6095720045C877 /* PresentationDetents */ = {
			isa = PBXGroup;
			children = (
				D0EBCDBD2C6095A00045C877 /* BasicBottomSheet.swift */,
				D0EBCDBF2C6097C20045C877 /* BottomSheetDemo.swift */,
				D0014D1C2C624C4A00DAA2DF /* RestaurantDetailViewDemo.swift */,
			);
			path = PresentationDetents;
			sourceTree = "<group>";
		};
/* End PBXGroup section */

/* Begin PBXNativeTarget section */
		D091B4102BF726D300096F6D /* SwiftUIFundamentalsUITests */ = {
			isa = PBXNativeTarget;
			buildConfigurationList = D091B41B2BF726D300096F6D /* Build configuration list for PBXNativeTarget "SwiftUIFundamentalsUITests" */;
			buildPhases = (
				D091B40D2BF726D300096F6D /* Sources */,
				D091B40E2BF726D300096F6D /* Frameworks */,
				D091B40F2BF726D300096F6D /* Resources */,
			);
			buildRules = (
			);
			dependencies = (
				D091B4182BF726D300096F6D /* PBXTargetDependency */,
			);
			name = SwiftUIFundamentalsUITests;
			productName = SwiftUIFundamentalsUITests;
			productReference = D091B4112BF726D300096F6D /* SwiftUIFundamentalsUITests.xctest */;
			productType = "com.apple.product-type.bundle.ui-testing";
		};
		D0C78A902B4674420022FC0A /* SwiftUIFundamentals */ = {
			isa = PBXNativeTarget;
			buildConfigurationList = D0C78A9F2B4674430022FC0A /* Build configuration list for PBXNativeTarget "SwiftUIFundamentals" */;
			buildPhases = (
				D0C78A8D2B4674420022FC0A /* Sources */,
				D0C78A8E2B4674420022FC0A /* Frameworks */,
				D0C78A8F2B4674420022FC0A /* Resources */,
			);
			buildRules = (
			);
			dependencies = (
			);
			name = SwiftUIFundamentals;
			productName = "SwiftUI Fundamentals";
			productReference = D0C78A912B4674420022FC0A /* SwiftUIFundamentals.app */;
			productType = "com.apple.product-type.application";
		};
/* End PBXNativeTarget section */

/* Begin PBXProject section */
		D0C78A892B4674420022FC0A /* Project object */ = {
			isa = PBXProject;
			attributes = {
				BuildIndependentTargetsInParallel = 1;
				LastSwiftUpdateCheck = 1530;
				LastUpgradeCheck = 1500;
				TargetAttributes = {
					D091B4102BF726D300096F6D = {
						CreatedOnToolsVersion = 15.3;
						TestTargetID = D0C78A902B4674420022FC0A;
					};
					D0C78A902B4674420022FC0A = {
						CreatedOnToolsVersion = 15.0;
					};
				};
			};
			buildConfigurationList = D0C78A8C2B4674420022FC0A /* Build configuration list for PBXProject "SwiftUIFundamentals" */;
			compatibilityVersion = "Xcode 14.0";
			developmentRegion = en;
			hasScannedForEncodings = 0;
			knownRegions = (
				en,
				Base,
			);
			mainGroup = D0C78A882B4674420022FC0A;
			productRefGroup = D0C78A922B4674420022FC0A /* Products */;
			projectDirPath = "";
			projectRoot = "";
			targets = (
				D0C78A902B4674420022FC0A /* SwiftUIFundamentals */,
				D091B4102BF726D300096F6D /* SwiftUIFundamentalsUITests */,
			);
		};
/* End PBXProject section */

/* Begin PBXResourcesBuildPhase section */
		D091B40F2BF726D300096F6D /* Resources */ = {
			isa = PBXResourcesBuildPhase;
			buildActionMask = 2147483647;
			files = (
			);
			runOnlyForDeploymentPostprocessing = 0;
		};
		D0C78A8F2B4674420022FC0A /* Resources */ = {
			isa = PBXResourcesBuildPhase;
			buildActionMask = 2147483647;
			files = (
				D0C78A9C2B4674430022FC0A /* Preview Assets.xcassets in Resources */,
				D0C78A992B4674430022FC0A /* Assets.xcassets in Resources */,
			);
			runOnlyForDeploymentPostprocessing = 0;
		};
/* End PBXResourcesBuildPhase section */

/* Begin PBXSourcesBuildPhase section */
		D091B40D2BF726D300096F6D /* Sources */ = {
			isa = PBXSourcesBuildPhase;
			buildActionMask = 2147483647;
			files = (
				D091B4162BF726D300096F6D /* SwiftUIFundamentalsUITestsLaunchTests.swift in Sources */,
				D091B4142BF726D300096F6D /* SwiftUIFundamentalsUITests.swift in Sources */,
			);
			runOnlyForDeploymentPostprocessing = 0;
		};
		D0C78A8D2B4674420022FC0A /* Sources */ = {
			isa = PBXSourcesBuildPhase;
			buildActionMask = 2147483647;
			files = (
				D0ADF1EC2B81D2EF00699060 /* Paths.swift in Sources */,
				D0EBCDBE2C6095A10045C877 /* BasicBottomSheet.swift in Sources */,
				D0A73ED12C648E1200C6C60C /* TinderCardView.swift in Sources */,
				D0BA37C82BC4FD810076A343 /* ListView_Exercise.swift in Sources */,
				D0EBA9922C92AAAB009B44C1 /* LoanStore.swift in Sources */,
				D0C5C09F2C7C837C002E3C34 /* WalletApp.swift in Sources */,
				D0A73ED32C64929E00C6C60C /* TopBarMenu.swift in Sources */,
				D02E97DA2B4D15F2006500C1 /* ImageView.swift in Sources */,
				D061B5552C65FC0100A34991 /* BottomBarMenu.swift in Sources */,
				D0C78A972B4674420022FC0A /* ContentView.swift in Sources */,
				D0C5C0A62C7C8755002E3C34 /* CardLayout.swift in Sources */,
				D0A73ECF2C648CE300C6C60C /* Trip.swift in Sources */,
				D07826932B96DE4C00A1C948 /* ProgressIndicator.swift in Sources */,
				D0014D1D2C624C4A00DAA2DF /* RestaurantDetailViewDemo.swift in Sources */,
				D0EBA9902C92A9C0009B44C1 /* Loan.swift in Sources */,
				D04E99272B99804800EF3061 /* AnimationChallenge.swift in Sources */,
				D0BA37CA2BC4FFC20076A343 /* ArticleRowView.swift in Sources */,
				D0C5C0A32C7C84DC002E3C34 /* Transaction.swift in Sources */,
				D0EBA9952C92AED3009B44C1 /* LoanCellView.swift in Sources */,
				D03DCE222BEE43EF00B2C7DE /* Form.swift in Sources */,
				D07826952B96E1D300A1C948 /* DealyAnimationWithDot.swift in Sources */,
				D0C78A952B4674420022FC0A /* SwiftUI_FundamentalsApp.swift in Sources */,
				D049B6AA2BC6569600229295 /* NavigatinStack_Exercise.swift in Sources */,
				D03A13FA2B95A25300CE6DE2 /* RoundedRectangleAnimation.swift in Sources */,
				D087C8E52BA2C4E600503815 /* ListView.swift in Sources */,
				D0D6AF692BD13303001CC9EE /* ArticleDetailView.swift in Sources */,
				D02E97DC2B4D16B0006500C1 /* LayoutInterface.swift in Sources */,
				D07640EC2B7A06EC00AC62D5 /* StateManagement.swift in Sources */,
				D0EBA98E2C92A992009B44C1 /* KivaApp.swift in Sources */,
				D03A13F72B9586D900CE6DE2 /* MediumLoader.swift in Sources */,
				D04E99252B9979BD00EF3061 /* Transistion.swift in Sources */,
				D09A88E42B87AC1400EFB08F /* PathExercise.swift in Sources */,
				D0A73ED52C6494CD00C6C60C /* TinderHome.swift in Sources */,
				D0D1FA062C4786CD0043C9BB /* RegisterationPage.swift in Sources */,
				D0C5C0A12C7C840A002E3C34 /* Card.swift in Sources */,
				D00130FF2B9826B90011230E /* Mic_Animation.swift in Sources */,
				D0EBCDC02C6097C20045C877 /* BottomSheetDemo.swift in Sources */,
				D0F8A2322B58306C00C138CA /* CardView.swift in Sources */,
				D0A7B4C52C5B480E00B663CD /* Gesture.swift in Sources */,
				D0C5C0A82C7C8C69002E3C34 /* TopNavBar.swift in Sources */,
				D03DCE242BEE460800B2C7DE /* SettingView.swift in Sources */,
				D03B81D02C37E9BE00A68EC9 /* SettingStore.swift in Sources */,
				D02B75AE2B8EFCDC005A2412 /* Animation.swift in Sources */,
				D049B6AC2BC658C200229295 /* RestaurantDetailView.swift in Sources */,
				D0A55E0F2C4A36B500A7DE06 /* UserRegisterationModelView.swift in Sources */,
				D09A13F82B89C902005A2DA0 /* Loader.swift in Sources */,
				D0D6AF672BD12FF2001CC9EE /* SheetExample.swift in Sources */,
				D0B669302C4E185500ED1F55 /* SwipeDelete.swift in Sources */,
			);
			runOnlyForDeploymentPostprocessing = 0;
		};
/* End PBXSourcesBuildPhase section */

/* Begin PBXTargetDependency section */
		D091B4182BF726D300096F6D /* PBXTargetDependency */ = {
			isa = PBXTargetDependency;
			target = D0C78A902B4674420022FC0A /* SwiftUIFundamentals */;
			targetProxy = D091B4172BF726D300096F6D /* PBXContainerItemProxy */;
		};
/* End PBXTargetDependency section */

/* Begin XCBuildConfiguration section */
		D091B4192BF726D300096F6D /* Debug */ = {
			isa = XCBuildConfiguration;
			buildSettings = {
				CODE_SIGN_STYLE = Automatic;
				CURRENT_PROJECT_VERSION = 1;
				DEVELOPMENT_TEAM = SCCRUHQ7HK;
				GENERATE_INFOPLIST_FILE = YES;
				IPHONEOS_DEPLOYMENT_TARGET = 17.0;
				MARKETING_VERSION = 1.0;
				PRODUCT_BUNDLE_IDENTIFIER = com.akshay.com.SwiftUIFundamentalsUITests;
				PRODUCT_NAME = "$(TARGET_NAME)";
				SWIFT_EMIT_LOC_STRINGS = NO;
				SWIFT_VERSION = 5.0;
				TARGETED_DEVICE_FAMILY = "1,2";
				TEST_TARGET_NAME = SwiftUIFundamentals;
			};
			name = Debug;
		};
		D091B41A2BF726D300096F6D /* Release */ = {
			isa = XCBuildConfiguration;
			buildSettings = {
				CODE_SIGN_STYLE = Automatic;
				CURRENT_PROJECT_VERSION = 1;
				DEVELOPMENT_TEAM = SCCRUHQ7HK;
				GENERATE_INFOPLIST_FILE = YES;
				IPHONEOS_DEPLOYMENT_TARGET = 17.0;
				MARKETING_VERSION = 1.0;
				PRODUCT_BUNDLE_IDENTIFIER = com.akshay.com.SwiftUIFundamentalsUITests;
				PRODUCT_NAME = "$(TARGET_NAME)";
				SWIFT_EMIT_LOC_STRINGS = NO;
				SWIFT_VERSION = 5.0;
				TARGETED_DEVICE_FAMILY = "1,2";
				TEST_TARGET_NAME = SwiftUIFundamentals;
			};
			name = Release;
		};
		D0C78A9D2B4674430022FC0A /* Debug */ = {
			isa = XCBuildConfiguration;
			buildSettings = {
				ALWAYS_SEARCH_USER_PATHS = NO;
				ASSETCATALOG_COMPILER_GENERATE_SWIFT_ASSET_SYMBOL_EXTENSIONS = YES;
				CLANG_ANALYZER_NONNULL = YES;
				CLANG_ANALYZER_NUMBER_OBJECT_CONVERSION = YES_AGGRESSIVE;
				CLANG_CXX_LANGUAGE_STANDARD = "gnu++20";
				CLANG_ENABLE_MODULES = YES;
				CLANG_ENABLE_OBJC_ARC = YES;
				CLANG_ENABLE_OBJC_WEAK = YES;
				CLANG_WARN_BLOCK_CAPTURE_AUTORELEASING = YES;
				CLANG_WARN_BOOL_CONVERSION = YES;
				CLANG_WARN_COMMA = YES;
				CLANG_WARN_CONSTANT_CONVERSION = YES;
				CLANG_WARN_DEPRECATED_OBJC_IMPLEMENTATIONS = YES;
				CLANG_WARN_DIRECT_OBJC_ISA_USAGE = YES_ERROR;
				CLANG_WARN_DOCUMENTATION_COMMENTS = YES;
				CLANG_WARN_EMPTY_BODY = YES;
				CLANG_WARN_ENUM_CONVERSION = YES;
				CLANG_WARN_INFINITE_RECURSION = YES;
				CLANG_WARN_INT_CONVERSION = YES;
				CLANG_WARN_NON_LITERAL_NULL_CONVERSION = YES;
				CLANG_WARN_OBJC_IMPLICIT_RETAIN_SELF = YES;
				CLANG_WARN_OBJC_LITERAL_CONVERSION = YES;
				CLANG_WARN_OBJC_ROOT_CLASS = YES_ERROR;
				CLANG_WARN_QUOTED_INCLUDE_IN_FRAMEWORK_HEADER = YES;
				CLANG_WARN_RANGE_LOOP_ANALYSIS = YES;
				CLANG_WARN_STRICT_PROTOTYPES = YES;
				CLANG_WARN_SUSPICIOUS_MOVE = YES;
				CLANG_WARN_UNGUARDED_AVAILABILITY = YES_AGGRESSIVE;
				CLANG_WARN_UNREACHABLE_CODE = YES;
				CLANG_WARN__DUPLICATE_METHOD_MATCH = YES;
				COPY_PHASE_STRIP = NO;
				DEBUG_INFORMATION_FORMAT = dwarf;
				ENABLE_STRICT_OBJC_MSGSEND = YES;
				ENABLE_TESTABILITY = YES;
				ENABLE_USER_SCRIPT_SANDBOXING = YES;
				GCC_C_LANGUAGE_STANDARD = gnu17;
				GCC_DYNAMIC_NO_PIC = NO;
				GCC_NO_COMMON_BLOCKS = YES;
				GCC_OPTIMIZATION_LEVEL = 0;
				GCC_PREPROCESSOR_DEFINITIONS = (
					"DEBUG=1",
					"$(inherited)",
				);
				GCC_WARN_64_TO_32_BIT_CONVERSION = YES;
				GCC_WARN_ABOUT_RETURN_TYPE = YES_ERROR;
				GCC_WARN_UNDECLARED_SELECTOR = YES;
				GCC_WARN_UNINITIALIZED_AUTOS = YES_AGGRESSIVE;
				GCC_WARN_UNUSED_FUNCTION = YES;
				GCC_WARN_UNUSED_VARIABLE = YES;
				IPHONEOS_DEPLOYMENT_TARGET = 16.0;
				LOCALIZATION_PREFERS_STRING_CATALOGS = YES;
				MTL_ENABLE_DEBUG_INFO = INCLUDE_SOURCE;
				MTL_FAST_MATH = YES;
				ONLY_ACTIVE_ARCH = YES;
				SDKROOT = iphoneos;
				SWIFT_ACTIVE_COMPILATION_CONDITIONS = "DEBUG $(inherited)";
				SWIFT_OPTIMIZATION_LEVEL = "-Onone";
			};
			name = Debug;
		};
		D0C78A9E2B4674430022FC0A /* Release */ = {
			isa = XCBuildConfiguration;
			buildSettings = {
				ALWAYS_SEARCH_USER_PATHS = NO;
				ASSETCATALOG_COMPILER_GENERATE_SWIFT_ASSET_SYMBOL_EXTENSIONS = YES;
				CLANG_ANALYZER_NONNULL = YES;
				CLANG_ANALYZER_NUMBER_OBJECT_CONVERSION = YES_AGGRESSIVE;
				CLANG_CXX_LANGUAGE_STANDARD = "gnu++20";
				CLANG_ENABLE_MODULES = YES;
				CLANG_ENABLE_OBJC_ARC = YES;
				CLANG_ENABLE_OBJC_WEAK = YES;
				CLANG_WARN_BLOCK_CAPTURE_AUTORELEASING = YES;
				CLANG_WARN_BOOL_CONVERSION = YES;
				CLANG_WARN_COMMA = YES;
				CLANG_WARN_CONSTANT_CONVERSION = YES;
				CLANG_WARN_DEPRECATED_OBJC_IMPLEMENTATIONS = YES;
				CLANG_WARN_DIRECT_OBJC_ISA_USAGE = YES_ERROR;
				CLANG_WARN_DOCUMENTATION_COMMENTS = YES;
				CLANG_WARN_EMPTY_BODY = YES;
				CLANG_WARN_ENUM_CONVERSION = YES;
				CLANG_WARN_INFINITE_RECURSION = YES;
				CLANG_WARN_INT_CONVERSION = YES;
				CLANG_WARN_NON_LITERAL_NULL_CONVERSION = YES;
				CLANG_WARN_OBJC_IMPLICIT_RETAIN_SELF = YES;
				CLANG_WARN_OBJC_LITERAL_CONVERSION = YES;
				CLANG_WARN_OBJC_ROOT_CLASS = YES_ERROR;
				CLANG_WARN_QUOTED_INCLUDE_IN_FRAMEWORK_HEADER = YES;
				CLANG_WARN_RANGE_LOOP_ANALYSIS = YES;
				CLANG_WARN_STRICT_PROTOTYPES = YES;
				CLANG_WARN_SUSPICIOUS_MOVE = YES;
				CLANG_WARN_UNGUARDED_AVAILABILITY = YES_AGGRESSIVE;
				CLANG_WARN_UNREACHABLE_CODE = YES;
				CLANG_WARN__DUPLICATE_METHOD_MATCH = YES;
				COPY_PHASE_STRIP = NO;
				DEBUG_INFORMATION_FORMAT = "dwarf-with-dsym";
				ENABLE_NS_ASSERTIONS = NO;
				ENABLE_STRICT_OBJC_MSGSEND = YES;
				ENABLE_USER_SCRIPT_SANDBOXING = YES;
				GCC_C_LANGUAGE_STANDARD = gnu17;
				GCC_NO_COMMON_BLOCKS = YES;
				GCC_WARN_64_TO_32_BIT_CONVERSION = YES;
				GCC_WARN_ABOUT_RETURN_TYPE = YES_ERROR;
				GCC_WARN_UNDECLARED_SELECTOR = YES;
				GCC_WARN_UNINITIALIZED_AUTOS = YES_AGGRESSIVE;
				GCC_WARN_UNUSED_FUNCTION = YES;
				GCC_WARN_UNUSED_VARIABLE = YES;
				IPHONEOS_DEPLOYMENT_TARGET = 16.0;
				LOCALIZATION_PREFERS_STRING_CATALOGS = YES;
				MTL_ENABLE_DEBUG_INFO = NO;
				MTL_FAST_MATH = YES;
				SDKROOT = iphoneos;
				SWIFT_COMPILATION_MODE = wholemodule;
				VALIDATE_PRODUCT = YES;
			};
			name = Release;
		};
		D0C78AA02B4674430022FC0A /* Debug */ = {
			isa = XCBuildConfiguration;
			buildSettings = {
				ASSETCATALOG_COMPILER_APPICON_NAME = AppIcon;
				ASSETCATALOG_COMPILER_GLOBAL_ACCENT_COLOR_NAME = AccentColor;
				CODE_SIGN_STYLE = Automatic;
				CURRENT_PROJECT_VERSION = 1;
				DEVELOPMENT_ASSET_PATHS = "\"SwiftUI Fundamentals/Preview Content\"";
				DEVELOPMENT_TEAM = SCCRUHQ7HK;
				ENABLE_PREVIEWS = YES;
				GENERATE_INFOPLIST_FILE = YES;
				INFOPLIST_KEY_UIApplicationSceneManifest_Generation = YES;
				INFOPLIST_KEY_UIApplicationSupportsIndirectInputEvents = YES;
				INFOPLIST_KEY_UILaunchScreen_Generation = YES;
				INFOPLIST_KEY_UISupportedInterfaceOrientations_iPad = "UIInterfaceOrientationPortrait UIInterfaceOrientationPortraitUpsideDown UIInterfaceOrientationLandscapeLeft UIInterfaceOrientationLandscapeRight";
				INFOPLIST_KEY_UISupportedInterfaceOrientations_iPhone = "UIInterfaceOrientationPortrait UIInterfaceOrientationLandscapeLeft UIInterfaceOrientationLandscapeRight";
				IPHONEOS_DEPLOYMENT_TARGET = 16.0;
				LD_RUNPATH_SEARCH_PATHS = (
					"$(inherited)",
					"@executable_path/Frameworks",
				);
				MARKETING_VERSION = 1.0;
				PRODUCT_BUNDLE_IDENTIFIER = "com.akshay.com.SwiftUI-Fundamentals";
				PRODUCT_NAME = "$(TARGET_NAME)";
				SWIFT_EMIT_LOC_STRINGS = YES;
				SWIFT_VERSION = 5.0;
				TARGETED_DEVICE_FAMILY = "1,2";
			};
			name = Debug;
		};
		D0C78AA12B4674430022FC0A /* Release */ = {
			isa = XCBuildConfiguration;
			buildSettings = {
				ASSETCATALOG_COMPILER_APPICON_NAME = AppIcon;
				ASSETCATALOG_COMPILER_GLOBAL_ACCENT_COLOR_NAME = AccentColor;
				CODE_SIGN_STYLE = Automatic;
				CURRENT_PROJECT_VERSION = 1;
				DEVELOPMENT_ASSET_PATHS = "\"SwiftUI Fundamentals/Preview Content\"";
				DEVELOPMENT_TEAM = SCCRUHQ7HK;
				ENABLE_PREVIEWS = YES;
				GENERATE_INFOPLIST_FILE = YES;
				INFOPLIST_KEY_UIApplicationSceneManifest_Generation = YES;
				INFOPLIST_KEY_UIApplicationSupportsIndirectInputEvents = YES;
				INFOPLIST_KEY_UILaunchScreen_Generation = YES;
				INFOPLIST_KEY_UISupportedInterfaceOrientations_iPad = "UIInterfaceOrientationPortrait UIInterfaceOrientationPortraitUpsideDown UIInterfaceOrientationLandscapeLeft UIInterfaceOrientationLandscapeRight";
				INFOPLIST_KEY_UISupportedInterfaceOrientations_iPhone = "UIInterfaceOrientationPortrait UIInterfaceOrientationLandscapeLeft UIInterfaceOrientationLandscapeRight";
				IPHONEOS_DEPLOYMENT_TARGET = 16.0;
				LD_RUNPATH_SEARCH_PATHS = (
					"$(inherited)",
					"@executable_path/Frameworks",
				);
				MARKETING_VERSION = 1.0;
				PRODUCT_BUNDLE_IDENTIFIER = "com.akshay.com.SwiftUI-Fundamentals";
				PRODUCT_NAME = "$(TARGET_NAME)";
				SWIFT_EMIT_LOC_STRINGS = YES;
				SWIFT_VERSION = 5.0;
				TARGETED_DEVICE_FAMILY = "1,2";
			};
			name = Release;
		};
/* End XCBuildConfiguration section */

/* Begin XCConfigurationList section */
		D091B41B2BF726D300096F6D /* Build configuration list for PBXNativeTarget "SwiftUIFundamentalsUITests" */ = {
			isa = XCConfigurationList;
			buildConfigurations = (
				D091B4192BF726D300096F6D /* Debug */,
				D091B41A2BF726D300096F6D /* Release */,
			);
			defaultConfigurationIsVisible = 0;
			defaultConfigurationName = Release;
		};
		D0C78A8C2B4674420022FC0A /* Build configuration list for PBXProject "SwiftUIFundamentals" */ = {
			isa = XCConfigurationList;
			buildConfigurations = (
				D0C78A9D2B4674430022FC0A /* Debug */,
				D0C78A9E2B4674430022FC0A /* Release */,
			);
			defaultConfigurationIsVisible = 0;
			defaultConfigurationName = Release;
		};
		D0C78A9F2B4674430022FC0A /* Build configuration list for PBXNativeTarget "SwiftUIFundamentals" */ = {
			isa = XCConfigurationList;
			buildConfigurations = (
				D0C78AA02B4674430022FC0A /* Debug */,
				D0C78AA12B4674430022FC0A /* Release */,
			);
			defaultConfigurationIsVisible = 0;
			defaultConfigurationName = Release;
		};
/* End XCConfigurationList section */
	};
	rootObject = D0C78A892B4674420022FC0A /* Project object */;
}
